{
  "name": "hyperapp-snapshot",
  "version": "0.1.0",
  "lockfileVersion": 2,
  "requires": true,
  "packages": {
    "": {
      "name": "hyperapp-snapshot",
      "version": "0.1.0",
      "license": "Apache-2.0",
      "dependencies": {
        "hyperapp": "^2.0.20"
      },
      "devDependencies": {
        "typescript": "^4.5.4"
      }
    },
    "node_modules/hyperapp": {
      "version": "2.0.20",
      "resolved": "https://registry.npmjs.org/hyperapp/-/hyperapp-2.0.20.tgz",
      "integrity": "sha512-Vag0zdLCm0Jf0eJs4TSReQw/ZhDmwgrZ+WSCZsDV+5Fz8z5VgoP+9WUwsQFX80VrHK8C03o/PwXm+SDHwks2Zg=="
    },
    "node_modules/typescript": {
      "version": "4.5.4",
      "resolved": "https://registry.npmjs.org/typescript/-/typescript-4.5.4.tgz",
      "integrity": "sha512-VgYs2A2QIRuGphtzFV7aQJduJ2gyfTljngLzjpfW9FoYZF6xuw1W0vW9ghCKLfcWrCFxK81CSGRAvS1pn4fIUg==",
      "dev": true,
      "bin": {
        "tsc": "bin/tsc",
        "tsserver": "bin/tsserver"
      },
      "engines": {
        "node": ">=4.2.0"
      }
    }
  },
  "dependencies": {
    "hyperapp": {
      "version": "2.0.20",
      "resolved": "https://registry.npmjs.org/hyperapp/-/hyperapp-2.0.20.tgz",
      "integrity": "sha512-Vag0zdLCm0Jf0eJs4TSReQw/ZhDmwgrZ+WSCZsDV+5Fz8z5VgoP+9WUwsQFX80VrHK8C03o/PwXm+SDHwks2Zg=="
    },
    "typescript": {
      "version": "4.5.4",
      "resolved": "https://registry.npmjs.org/typescript/-/typescript-4.5.4.tgz",
      "integrity": "sha512-VgYs2A2QIRuGphtzFV7aQJduJ2gyfTljngLzjpfW9FoYZF6xuw1W0vW9ghCKLfcWrCFxK81CSGRAvS1pn4fIUg==",
      "dev": true
    }
  }
}
